
Microsoft Visual Studio Solution File, Format Version 12.00
# Visual Studio Version 16
VisualStudioVersion = 16.0.32630.194
MinimumVisualStudioVersion = 10.0.40219.1
Project("{FAE04EC0-301F-11D3-BF4B-00C04F79EFBC}") = "pokemon.ado", "pokemon.ado\pokemon.ado.csproj", "{7F935D1C-C65D-4C3F-AA33-56C2A9F0F9F1}"
EndProject
Project("{FAE04EC0-301F-11D3-BF4B-00C04F79EFBC}") = "dominio1", "dominio1\dominio1.csproj", "{55170235-E5D9-4BD1-91AF-878A6641B5EA}"
EndProject
Project("{FAE04EC0-301F-11D3-BF4B-00C04F79EFBC}") = "negocio", "negocio\negocio.csproj", "{AEBFAA4D-C998-4C59-BB33-6913FC842452}"
EndProject
Global
	GlobalSection(SolutionConfigurationPlatforms) = preSolution
		Debug|Any CPU = Debug|Any CPU
		Release|Any CPU = Release|Any CPU
	EndGlobalSection
	GlobalSection(ProjectConfigurationPlatforms) = postSolution
		{7F935D1C-C65D-4C3F-AA33-56C2A9F0F9F1}.Debug|Any CPU.ActiveCfg = Debug|Any CPU
		{7F935D1C-C65D-4C3F-AA33-56C2A9F0F9F1}.Debug|Any CPU.Build.0 = Debug|Any CPU
		{7F935D1C-C65D-4C3F-AA33-56C2A9F0F9F1}.Release|Any CPU.ActiveCfg = Release|Any CPU
		{7F935D1C-C65D-4C3F-AA33-56C2A9F0F9F1}.Release|Any CPU.Build.0 = Release|Any CPU
		{55170235-E5D9-4BD1-91AF-878A6641B5EA}.Debug|Any CPU.ActiveCfg = Debug|Any CPU
		{55170235-E5D9-4BD1-91AF-878A6641B5EA}.Debug|Any CPU.Build.0 = Debug|Any CPU
		{55170235-E5D9-4BD1-91AF-878A6641B5EA}.Release|Any CPU.ActiveCfg = Release|Any CPU
		{55170235-E5D9-4BD1-91AF-878A6641B5EA}.Release|Any CPU.Build.0 = Release|Any CPU
		{AEBFAA4D-C998-4C59-BB33-6913FC842452}.Debug|Any CPU.ActiveCfg = Debug|Any CPU
		{AEBFAA4D-C998-4C59-BB33-6913FC842452}.Debug|Any CPU.Build.0 = Debug|Any CPU
		{AEBFAA4D-C998-4C59-BB33-6913FC842452}.Release|Any CPU.ActiveCfg = Release|Any CPU
		{AEBFAA4D-C998-4C59-BB33-6913FC842452}.Release|Any CPU.Build.0 = Release|Any CPU
	EndGlobalSection
	GlobalSection(SolutionProperties) = preSolution
		HideSolutionNode = FALSE
	EndGlobalSection
	GlobalSection(ExtensibilityGlobals) = postSolution
		SolutionGuid = {84B36D68-D969-4C68-9139-9BBBC7E31359}
	EndGlobalSection
EndGlobal
